PODS:
  - Alamofire (4.5.0)
  - SwiftyJSON (3.1.4)

DEPENDENCIES:
  - Alamofire
  - SwiftyJSON

SPEC CHECKSUMS:
  Alamofire: f28cdffd29de33a7bfa022cbd63ae95a27fae140
  SwiftyJSON: c2842d878f95482ffceec5709abc3d05680c0220

PODFILE CHECKSUM: a92f38f6a6dd0672c0f2a58c4132512d57a68941

COCOAPODS: 1.2.1.beta.1
