// !$*UTF8*$!
{
	archiveVersion = 1;
	classes = {
	};
	objectVersion = 46;
	objects = {

/* Begin PBXBuildFile section */
		1E74D9671F583CB400FA506F /* AppDelegate.swift in Sources */ = {isa = PBXBuildFile; fileRef = 1E74D9661F583CB400FA506F /* AppDelegate.swift */; };
		1E74D9691F583CB400FA506F /* ViewController.swift in Sources */ = {isa = PBXBuildFile; fileRef = 1E74D9681F583CB400FA506F /* ViewController.swift */; };
		1E74D96C1F583CB400FA506F /* Main.storyboard in Resources */ = {isa = PBXBuildFile; fileRef = 1E74D96A1F583CB400FA506F /* Main.storyboard */; };
		1E74D96E1F583CB400FA506F /* Assets.xcassets in Resources */ = {isa = PBXBuildFile; fileRef = 1E74D96D1F583CB400FA506F /* Assets.xcassets */; };
		1E74D9711F583CB400FA506F /* LaunchScreen.storyboard in Resources */ = {isa = PBXBuildFile; fileRef = 1E74D96F1F583CB400FA506F /* LaunchScreen.storyboard */; };
		1EBEAC271F5841CE00FE3488 /* FeedModel.swift in Sources */ = {isa = PBXBuildFile; fileRef = 1EBEAC261F5841CE00FE3488 /* FeedModel.swift */; };
		1EBEAC291F584F6700FE3488 /* GrandModel.swift in Sources */ = {isa = PBXBuildFile; fileRef = 1EBEAC281F584F6700FE3488 /* GrandModel.swift */; };
		F77AFAB88A10F4E16BD07999 /* Pods_handleData.framework in Frameworks */ = {isa = PBXBuildFile; fileRef = 719E6FF23ACD4A6C2316BD04 /* Pods_handleData.framework */; };
/* End PBXBuildFile section */

/* Begin PBXFileReference section */
		1E74D9631F583CB400FA506F /* handleData.app */ = {isa = PBXFileReference; explicitFileType = wrapper.application; includeInIndex = 0; path = handleData.app; sourceTree = BUILT_PRODUCTS_DIR; };
		1E74D9661F583CB400FA506F /* AppDelegate.swift */ = {isa = PBXFileReference; lastKnownFileType = sourcecode.swift; path = AppDelegate.swift; sourceTree = "<group>"; };
		1E74D9681F583CB400FA506F /* ViewController.swift */ = {isa = PBXFileReference; lastKnownFileType = sourcecode.swift; path = ViewController.swift; sourceTree = "<group>"; };
		1E74D96B1F583CB400FA506F /* Base */ = {isa = PBXFileReference; lastKnownFileType = file.storyboard; name = Base; path = Base.lproj/Main.storyboard; sourceTree = "<group>"; };
		1E74D96D1F583CB400FA506F /* Assets.xcassets */ = {isa = PBXFileReference; lastKnownFileType = folder.assetcatalog; path = Assets.xcassets; sourceTree = "<group>"; };
		1E74D9701F583CB400FA506F /* Base */ = {isa = PBXFileReference; lastKnownFileType = file.storyboard; name = Base; path = Base.lproj/LaunchScreen.storyboard; sourceTree = "<group>"; };
		1E74D9721F583CB400FA506F /* Info.plist */ = {isa = PBXFileReference; lastKnownFileType = text.plist.xml; path = Info.plist; sourceTree = "<group>"; };
		1EBEAC261F5841CE00FE3488 /* FeedModel.swift */ = {isa = PBXFileReference; fileEncoding = 4; lastKnownFileType = sourcecode.swift; path = FeedModel.swift; sourceTree = "<group>"; };
		1EBEAC281F584F6700FE3488 /* GrandModel.swift */ = {isa = PBXFileReference; fileEncoding = 4; lastKnownFileType = sourcecode.swift; path = GrandModel.swift; sourceTree = "<group>"; };
		5D40645A356C7B4C424194B0 /* Pods-handleData.release.xcconfig */ = {isa = PBXFileReference; includeInIndex = 1; lastKnownFileType = text.xcconfig; name = "Pods-handleData.release.xcconfig"; path = "Pods/Target Support Files/Pods-handleData/Pods-handleData.release.xcconfig"; sourceTree = "<group>"; };
		719E6FF23ACD4A6C2316BD04 /* Pods_handleData.framework */ = {isa = PBXFileReference; explicitFileType = wrapper.framework; includeInIndex = 0; path = Pods_handleData.framework; sourceTree = BUILT_PRODUCTS_DIR; };
		881BFD1071B3DC44DBCDBF96 /* Pods-handleData.debug.xcconfig */ = {isa = PBXFileReference; includeInIndex = 1; lastKnownFileType = text.xcconfig; name = "Pods-handleData.debug.xcconfig"; path = "Pods/Target Support Files/Pods-handleData/Pods-handleData.debug.xcconfig"; sourceTree = "<group>"; };
/* End PBXFileReference section */

/* Begin PBXFrameworksBuildPhase section */
		1E74D9601F583CB400FA506F /* Frameworks */ = {
			isa = PBXFrameworksBuildPhase;
			buildActionMask = 2147483647;
			files = (
				F77AFAB88A10F4E16BD07999 /* Pods_handleData.framework in Frameworks */,
			);
			runOnlyForDeploymentPostprocessing = 0;
		};
/* End PBXFrameworksBuildPhase section */

/* Begin PBXGroup section */
		1E74D95A1F583CB400FA506F = {
			isa = PBXGroup;
			children = (
				1E74D9651F583CB400FA506F /* handleData */,
				1E74D9641F583CB400FA506F /* Products */,
				C4A1F8CE822D85E7E4D3B72A /* Pods */,
				7B5645BC3040CE82324B26B3 /* Frameworks */,
			);
			sourceTree = "<group>";
		};
		1E74D9641F583CB400FA506F /* Products */ = {
			isa = PBXGroup;
			children = (
				1E74D9631F583CB400FA506F /* handleData.app */,
			);
			name = Products;
			sourceTree = "<group>";
		};
		1E74D9651F583CB400FA506F /* handleData */ = {
			isa = PBXGroup;
			children = (
				1E74D9661F583CB400FA506F /* AppDelegate.swift */,
				1E74D9681F583CB400FA506F /* ViewController.swift */,
				1EBEAC261F5841CE00FE3488 /* FeedModel.swift */,
				1EBEAC281F584F6700FE3488 /* GrandModel.swift */,
				1E74D96A1F583CB400FA506F /* Main.storyboard */,
				1E74D96D1F583CB400FA506F /* Assets.xcassets */,
				1E74D96F1F583CB400FA506F /* LaunchScreen.storyboard */,
				1E74D9721F583CB400FA506F /* Info.plist */,
			);
			path = handleData;
			sourceTree = "<group>";
		};
		7B5645BC3040CE82324B26B3 /* Frameworks */ = {
			isa = PBXGroup;
			children = (
				719E6FF23ACD4A6C2316BD04 /* Pods_handleData.framework */,
			);
			name = Frameworks;
			sourceTree = "<group>";
		};
		C4A1F8CE822D85E7E4D3B72A /* Pods */ = {
			isa = PBXGroup;
			children = (
				881BFD1071B3DC44DBCDBF96 /* Pods-handleData.debug.xcconfig */,
				5D40645A356C7B4C424194B0 /* Pods-handleData.release.xcconfig */,
			);
			name = Pods;
			sourceTree = "<group>";
		};
/* End PBXGroup section */

/* Begin PBXNativeTarget section */
		1E74D9621F583CB400FA506F /* handleData */ = {
			isa = PBXNativeTarget;
			buildConfigurationList = 1E74D9751F583CB400FA506F /* Build configuration list for PBXNativeTarget "handleData" */;
			buildPhases = (
				CDF0533BA3CB7D1307266F11 /* [CP] Check Pods Manifest.lock */,
				1E74D95F1F583CB400FA506F /* Sources */,
				1E74D9601F583CB400FA506F /* Frameworks */,
				1E74D9611F583CB400FA506F /* Resources */,
				FE01CC78841E77AB22F76489 /* [CP] Embed Pods Frameworks */,
				9F6E1F65B1520F62B7B9CE0B /* [CP] Copy Pods Resources */,
			);
			buildRules = (
			);
			dependencies = (
			);
			name = handleData;
			productName = handleData;
			productReference = 1E74D9631F583CB400FA506F /* handleData.app */;
			productType = "com.apple.product-type.application";
		};
/* End PBXNativeTarget section */

/* Begin PBXProject section */
		1E74D95B1F583CB400FA506F /* Project object */ = {
			isa = PBXProject;
			attributes = {
				LastSwiftUpdateCheck = 0830;
				LastUpgradeCheck = 0830;
				ORGANIZATIONNAME = gaoguangxiao;
				TargetAttributes = {
					1E74D9621F583CB400FA506F = {
						CreatedOnToolsVersion = 8.3.3;
						DevelopmentTeam = 67E94H2G5A;
						ProvisioningStyle = Automatic;
					};
				};
			};
			buildConfigurationList = 1E74D95E1F583CB400FA506F /* Build configuration list for PBXProject "handleData" */;
			compatibilityVersion = "Xcode 3.2";
			developmentRegion = English;
			hasScannedForEncodings = 0;
			knownRegions = (
				en,
				Base,
			);
			mainGroup = 1E74D95A1F583CB400FA506F;
			productRefGroup = 1E74D9641F583CB400FA506F /* Products */;
			projectDirPath = "";
			projectRoot = "";
			targets = (
				1E74D9621F583CB400FA506F /* handleData */,
			);
		};
/* End PBXProject section */

/* Begin PBXResourcesBuildPhase section */
		1E74D9611F583CB400FA506F /* Resources */ = {
			isa = PBXResourcesBuildPhase;
			buildActionMask = 2147483647;
			files = (
				1E74D9711F583CB400FA506F /* LaunchScreen.storyboard in Resources */,
				1E74D96E1F583CB400FA506F /* Assets.xcassets in Resources */,
				1E74D96C1F583CB400FA506F /* Main.storyboard in Resources */,
			);
			runOnlyForDeploymentPostprocessing = 0;
		};
/* End PBXResourcesBuildPhase section */

/* Begin PBXShellScriptBuildPhase section */
		9F6E1F65B1520F62B7B9CE0B /* [CP] Copy Pods Resources */ = {
			isa = PBXShellScriptBuildPhase;
			buildActionMask = 2147483647;
			files = (
			);
			inputPaths = (
			);
			name = "[CP] Copy Pods Resources";
			outputPaths = (
			);
			runOnlyForDeploymentPostprocessing = 0;
			shellPath = /bin/sh;
			shellScript = "\"${SRCROOT}/Pods/Target Support Files/Pods-handleData/Pods-handleData-resources.sh\"\n";
			showEnvVarsInLog = 0;
		};
		CDF0533BA3CB7D1307266F11 /* [CP] Check Pods Manifest.lock */ = {
			isa = PBXShellScriptBuildPhase;
			buildActionMask = 2147483647;
			files = (
			);
			inputPaths = (
			);
			name = "[CP] Check Pods Manifest.lock";
			outputPaths = (
			);
			runOnlyForDeploymentPostprocessing = 0;
			shellPath = /bin/sh;
			shellScript = "diff \"${PODS_PODFILE_DIR_PATH}/Podfile.lock\" \"${PODS_ROOT}/Manifest.lock\" > /dev/null\nif [ $? != 0 ] ; then\n    # print error to STDERR\n    echo \"error: The sandbox is not in sync with the Podfile.lock. Run 'pod install' or update your CocoaPods installation.\" >&2\n    exit 1\nfi\n";
			showEnvVarsInLog = 0;
		};
		FE01CC78841E77AB22F76489 /* [CP] Embed Pods Frameworks */ = {
			isa = PBXShellScriptBuildPhase;
			buildActionMask = 2147483647;
			files = (
			);
			inputPaths = (
			);
			name = "[CP] Embed Pods Frameworks";
			outputPaths = (
			);
			runOnlyForDeploymentPostprocessing = 0;
			shellPath = /bin/sh;
			shellScript = "\"${SRCROOT}/Pods/Target Support Files/Pods-handleData/Pods-handleData-frameworks.sh\"\n";
			showEnvVarsInLog = 0;
		};
/* End PBXShellScriptBuildPhase section */

/* Begin PBXSourcesBuildPhase section */
		1E74D95F1F583CB400FA506F /* Sources */ = {
			isa = PBXSourcesBuildPhase;
			buildActionMask = 2147483647;
			files = (
				1EBEAC291F584F6700FE3488 /* GrandModel.swift in Sources */,
				1E74D9691F583CB400FA506F /* ViewController.swift in Sources */,
				1EBEAC271F5841CE00FE3488 /* FeedModel.swift in Sources */,
				1E74D9671F583CB400FA506F /* AppDelegate.swift in Sources */,
			);
			runOnlyForDeploymentPostprocessing = 0;
		};
/* End PBXSourcesBuildPhase section */

/* Begin PBXVariantGroup section */
		1E74D96A1F583CB400FA506F /* Main.storyboard */ = {
			isa = PBXVariantGroup;
			children = (
				1E74D96B1F583CB400FA506F /* Base */,
			);
			name = Main.storyboard;
			sourceTree = "<group>";
		};
		1E74D96F1F583CB400FA506F /* LaunchScreen.storyboard */ = {
			isa = PBXVariantGroup;
			children = (
				1E74D9701F583CB400FA506F /* Base */,
			);
			name = LaunchScreen.storyboard;
			sourceTree = "<group>";
		};
/* End PBXVariantGroup section */

/* Begin XCBuildConfiguration section */
		1E74D9731F583CB400FA506F /* Debug */ = {
			isa = XCBuildConfiguration;
			buildSettings = {
				ALWAYS_SEARCH_USER_PATHS = NO;
				CLANG_ANALYZER_NONNULL = YES;
				CLANG_ANALYZER_NUMBER_OBJECT_CONVERSION = YES_AGGRESSIVE;
				CLANG_CXX_LANGUAGE_STANDARD = "gnu++0x";
				CLANG_CXX_LIBRARY = "libc++";
				CLANG_ENABLE_MODULES = YES;
				CLANG_ENABLE_OBJC_ARC = YES;
				CLANG_WARN_BOOL_CONVERSION = YES;
				CLANG_WARN_CONSTANT_CONVERSION = YES;
				CLANG_WARN_DIRECT_OBJC_ISA_USAGE = YES_ERROR;
				CLANG_WARN_DOCUMENTATION_COMMENTS = YES;
				CLANG_WARN_EMPTY_BODY = YES;
				CLANG_WARN_ENUM_CONVERSION = YES;
				CLANG_WARN_INFINITE_RECURSION = YES;
				CLANG_WARN_INT_CONVERSION = YES;
				CLANG_WARN_OBJC_ROOT_CLASS = YES_ERROR;
				CLANG_WARN_SUSPICIOUS_MOVE = YES;
				CLANG_WARN_UNREACHABLE_CODE = YES;
				CLANG_WARN__DUPLICATE_METHOD_MATCH = YES;
				"CODE_SIGN_IDENTITY[sdk=iphoneos*]" = "iPhone Developer";
				COPY_PHASE_STRIP = NO;
				DEBUG_INFORMATION_FORMAT = dwarf;
				ENABLE_STRICT_OBJC_MSGSEND = YES;
				ENABLE_TESTABILITY = YES;
				GCC_C_LANGUAGE_STANDARD = gnu99;
				GCC_DYNAMIC_NO_PIC = NO;
				GCC_NO_COMMON_BLOCKS = YES;
				GCC_OPTIMIZATION_LEVEL = 0;
				GCC_PREPROCESSOR_DEFINITIONS = (
					"DEBUG=1",
					"$(inherited)",
				);
				GCC_WARN_64_TO_32_BIT_CONVERSION = YES;
				GCC_WARN_ABOUT_RETURN_TYPE = YES_ERROR;
				GCC_WARN_UNDECLARED_SELECTOR = YES;
				GCC_WARN_UNINITIALIZED_AUTOS = YES_AGGRESSIVE;
				GCC_WARN_UNUSED_FUNCTION = YES;
				GCC_WARN_UNUSED_VARIABLE = YES;
				IPHONEOS_DEPLOYMENT_TARGET = 10.3;
				MTL_ENABLE_DEBUG_INFO = YES;
				ONLY_ACTIVE_ARCH = YES;
				SDKROOT = iphoneos;
				SWIFT_ACTIVE_COMPILATION_CONDITIONS = DEBUG;
				SWIFT_OPTIMIZATION_LEVEL = "-Onone";
			};
			name = Debug;
		};
		1E74D9741F583CB400FA506F /* Release */ = {
			isa = XCBuildConfiguration;
			buildSettings = {
				ALWAYS_SEARCH_USER_PATHS = NO;
				CLANG_ANALYZER_NONNULL = YES;
				CLANG_ANALYZER_NUMBER_OBJECT_CONVERSION = YES_AGGRESSIVE;
				CLANG_CXX_LANGUAGE_STANDARD = "gnu++0x";
				CLANG_CXX_LIBRARY = "libc++";
				CLANG_ENABLE_MODULES = YES;
				CLANG_ENABLE_OBJC_ARC = YES;
				CLANG_WARN_BOOL_CONVERSION = YES;
				CLANG_WARN_CONSTANT_CONVERSION = YES;
				CLANG_WARN_DIRECT_OBJC_ISA_USAGE = YES_ERROR;
				CLANG_WARN_DOCUMENTATION_COMMENTS = YES;
				CLANG_WARN_EMPTY_BODY = YES;
				CLANG_WARN_ENUM_CONVERSION = YES;
				CLANG_WARN_INFINITE_RECURSION = YES;
				CLANG_WARN_INT_CONVERSION = YES;
				CLANG_WARN_OBJC_ROOT_CLASS = YES_ERROR;
				CLANG_WARN_SUSPICIOUS_MOVE = YES;
				CLANG_WARN_UNREACHABLE_CODE = YES;
				CLANG_WARN__DUPLICATE_METHOD_MATCH = YES;
				"CODE_SIGN_IDENTITY[sdk=iphoneos*]" = "iPhone Developer";
				COPY_PHASE_STRIP = NO;
				DEBUG_INFORMATION_FORMAT = "dwarf-with-dsym";
				ENABLE_NS_ASSERTIONS = NO;
				ENABLE_STRICT_OBJC_MSGSEND = YES;
				GCC_C_LANGUAGE_STANDARD = gnu99;
				GCC_NO_COMMON_BLOCKS = YES;
				GCC_WARN_64_TO_32_BIT_CONVERSION = YES;
				GCC_WARN_ABOUT_RETURN_TYPE = YES_ERROR;
				GCC_WARN_UNDECLARED_SELECTOR = YES;
				GCC_WARN_UNINITIALIZED_AUTOS = YES_AGGRESSIVE;
				GCC_WARN_UNUSED_FUNCTION = YES;
				GCC_WARN_UNUSED_VARIABLE = YES;
				IPHONEOS_DEPLOYMENT_TARGET = 10.3;
				MTL_ENABLE_DEBUG_INFO = NO;
				SDKROOT = iphoneos;
				SWIFT_OPTIMIZATION_LEVEL = "-Owholemodule";
				VALIDATE_PRODUCT = YES;
			};
			name = Release;
		};
		1E74D9761F583CB400FA506F /* Debug */ = {
			isa = XCBuildConfiguration;
			baseConfigurationReference = 881BFD1071B3DC44DBCDBF96 /* Pods-handleData.debug.xcconfig */;
			buildSettings = {
				ASSETCATALOG_COMPILER_APPICON_NAME = AppIcon;
				DEVELOPMENT_TEAM = 67E94H2G5A;
				INFOPLIST_FILE = handleData/Info.plist;
				LD_RUNPATH_SEARCH_PATHS = "$(inherited) @executable_path/Frameworks";
				PRODUCT_BUNDLE_IDENTIFIER = com.handleData.app.handleData;
				PRODUCT_NAME = "$(TARGET_NAME)";
				SWIFT_VERSION = 3.0;
			};
			name = Debug;
		};
		1E74D9771F583CB400FA506F /* Release */ = {
			isa = XCBuildConfiguration;
			baseConfigurationReference = 5D40645A356C7B4C424194B0 /* Pods-handleData.release.xcconfig */;
			buildSettings = {
				ASSETCATALOG_COMPILER_APPICON_NAME = AppIcon;
				DEVELOPMENT_TEAM = 67E94H2G5A;
				INFOPLIST_FILE = handleData/Info.plist;
				LD_RUNPATH_SEARCH_PATHS = "$(inherited) @executable_path/Frameworks";
				PRODUCT_BUNDLE_IDENTIFIER = com.handleData.app.handleData;
				PRODUCT_NAME = "$(TARGET_NAME)";
				SWIFT_VERSION = 3.0;
			};
			name = Release;
		};
/* End XCBuildConfiguration section */

/* Begin XCConfigurationList section */
		1E74D95E1F583CB400FA506F /* Build configuration list for PBXProject "handleData" */ = {
			isa = XCConfigurationList;
			buildConfigurations = (
				1E74D9731F583CB400FA506F /* Debug */,
				1E74D9741F583CB400FA506F /* Release */,
			);
			defaultConfigurationIsVisible = 0;
			defaultConfigurationName = Release;
		};
		1E74D9751F583CB400FA506F /* Build configuration list for PBXNativeTarget "handleData" */ = {
			isa = XCConfigurationList;
			buildConfigurations = (
				1E74D9761F583CB400FA506F /* Debug */,
				1E74D9771F583CB400FA506F /* Release */,
			);
			defaultConfigurationIsVisible = 0;
			defaultConfigurationName = Release;
		};
/* End XCConfigurationList section */
	};
	rootObject = 1E74D95B1F583CB400FA506F /* Project object */;
}
